
Microsoft Visual Studio Solution File, Format Version 12.00
# Visual Studio Version 16
VisualStudioVersion = 16.0.30611.23
MinimumVisualStudioVersion = 10.0.40219.1
Project("{FAE04EC0-301F-11D3-BF4B-00C04F79EFBC}") = "Domain", "Domain\Domain.csproj", "{44EAB546-FD3C-49AE-8536-FE7C7D4ECA8C}"
EndProject
Project("{FAE04EC0-301F-11D3-BF4B-00C04F79EFBC}") = "Infra", "Infra\Infra.csproj", "{55896B68-0F09-419D-B4C1-20C4F5F9C274}"
EndProject
Project("{FAE04EC0-301F-11D3-BF4B-00C04F79EFBC}") = "API", "API\API.csproj", "{C69F0C9C-616B-407A-A544-4E12570D7662}"
EndProject
Project("{FAE04EC0-301F-11D3-BF4B-00C04F79EFBC}") = "Application", "Application\Application.csproj", "{BE5873A7-38C5-4C4D-8936-6686B135A96C}"
EndProject
Project("{FAE04EC0-301F-11D3-BF4B-00C04F79EFBC}") = "CrossCrutting", "CrossCrutting\CrossCrutting.csproj", "{273F9E6D-5DB9-4889-B435-BE893EF7DBB4}"
EndProject
Global
	GlobalSection(SolutionConfigurationPlatforms) = preSolution
		Debug|Any CPU = Debug|Any CPU
		Release|Any CPU = Release|Any CPU
	EndGlobalSection
	GlobalSection(ProjectConfigurationPlatforms) = postSolution
		{44EAB546-FD3C-49AE-8536-FE7C7D4ECA8C}.Debug|Any CPU.ActiveCfg = Debug|Any CPU
		{44EAB546-FD3C-49AE-8536-FE7C7D4ECA8C}.Debug|Any CPU.Build.0 = Debug|Any CPU
		{44EAB546-FD3C-49AE-8536-FE7C7D4ECA8C}.Release|Any CPU.ActiveCfg = Release|Any CPU
		{44EAB546-FD3C-49AE-8536-FE7C7D4ECA8C}.Release|Any CPU.Build.0 = Release|Any CPU
		{55896B68-0F09-419D-B4C1-20C4F5F9C274}.Debug|Any CPU.ActiveCfg = Debug|Any CPU
		{55896B68-0F09-419D-B4C1-20C4F5F9C274}.Debug|Any CPU.Build.0 = Debug|Any CPU
		{55896B68-0F09-419D-B4C1-20C4F5F9C274}.Release|Any CPU.ActiveCfg = Release|Any CPU
		{55896B68-0F09-419D-B4C1-20C4F5F9C274}.Release|Any CPU.Build.0 = Release|Any CPU
		{C69F0C9C-616B-407A-A544-4E12570D7662}.Debug|Any CPU.ActiveCfg = Debug|Any CPU
		{C69F0C9C-616B-407A-A544-4E12570D7662}.Debug|Any CPU.Build.0 = Debug|Any CPU
		{C69F0C9C-616B-407A-A544-4E12570D7662}.Release|Any CPU.ActiveCfg = Release|Any CPU
		{C69F0C9C-616B-407A-A544-4E12570D7662}.Release|Any CPU.Build.0 = Release|Any CPU
		{BE5873A7-38C5-4C4D-8936-6686B135A96C}.Debug|Any CPU.ActiveCfg = Debug|Any CPU
		{BE5873A7-38C5-4C4D-8936-6686B135A96C}.Debug|Any CPU.Build.0 = Debug|Any CPU
		{BE5873A7-38C5-4C4D-8936-6686B135A96C}.Release|Any CPU.ActiveCfg = Release|Any CPU
		{BE5873A7-38C5-4C4D-8936-6686B135A96C}.Release|Any CPU.Build.0 = Release|Any CPU
		{273F9E6D-5DB9-4889-B435-BE893EF7DBB4}.Debug|Any CPU.ActiveCfg = Debug|Any CPU
		{273F9E6D-5DB9-4889-B435-BE893EF7DBB4}.Debug|Any CPU.Build.0 = Debug|Any CPU
		{273F9E6D-5DB9-4889-B435-BE893EF7DBB4}.Release|Any CPU.ActiveCfg = Release|Any CPU
		{273F9E6D-5DB9-4889-B435-BE893EF7DBB4}.Release|Any CPU.Build.0 = Release|Any CPU
	EndGlobalSection
	GlobalSection(SolutionProperties) = preSolution
		HideSolutionNode = FALSE
	EndGlobalSection
	GlobalSection(ExtensibilityGlobals) = postSolution
		SolutionGuid = {FDD13683-2B4C-449D-9A41-7BB4360A0735}
	EndGlobalSection
EndGlobal
