
Microsoft Visual Studio Solution File, Format Version 12.00
# Visual Studio Version 16
VisualStudioVersion = 16.0.30611.23
MinimumVisualStudioVersion = 10.0.40219.1
Project("{FAE04EC0-301F-11D3-BF4B-00C04F79EFBC}") = "Domain", "Domain\Domain.csproj", "{44EAB546-FD3C-49AE-8536-FE7C7D4ECA8C}"
EndProject
Global
	GlobalSection(SolutionConfigurationPlatforms) = preSolution
		Debug|Any CPU = Debug|Any CPU
		Release|Any CPU = Release|Any CPU
	EndGlobalSection
	GlobalSection(ProjectConfigurationPlatforms) = postSolution
		{44EAB546-FD3C-49AE-8536-FE7C7D4ECA8C}.Debug|Any CPU.ActiveCfg = Debug|Any CPU
		{44EAB546-FD3C-49AE-8536-FE7C7D4ECA8C}.Debug|Any CPU.Build.0 = Debug|Any CPU
		{44EAB546-FD3C-49AE-8536-FE7C7D4ECA8C}.Release|Any CPU.ActiveCfg = Release|Any CPU
		{44EAB546-FD3C-49AE-8536-FE7C7D4ECA8C}.Release|Any CPU.Build.0 = Release|Any CPU
	EndGlobalSection
	GlobalSection(SolutionProperties) = preSolution
		HideSolutionNode = FALSE
	EndGlobalSection
	GlobalSection(ExtensibilityGlobals) = postSolution
		SolutionGuid = {FDD13683-2B4C-449D-9A41-7BB4360A0735}
	EndGlobalSection
EndGlobal
